<Solution>
  <Folder Name="/src/">
    <Project Path="src/PdfSpace.Core/PdfSpace.Core.csproj"/>
    <Project Path="src/PdfSpace.Layout/PdfSpace.Layout.csproj"/>
    <Project Path="src/PdfSpace.Editing/PdfSpace.Editing.csproj"/>
    <Project Path="src/PdfSpace.Documents/PdfSpace.Documents.csproj"/>
    <Project Path="src/PdfSpace.Skia/PdfSpace.Skia.csproj"/>
    <Project Path="src/PdfSpace.Pdf/PdfSpace.Pdf.csproj"/>
    <Project Path="src/PdfSpace.Controls/PdfSpace.Controls.csproj"/>
    <Project Path="src/PdfSpace.Viewer/PdfSpace.Viewer.csproj"/>
    <Project Path="src/PdfSpace.Storage/PdfSpace.Storage.csproj"/>
    <Project Path="src/PdfSpace.Workbench/PdfSpace.Workbench.csproj"/>
    <Project Path="src/PdfSpace.App/PdfSpace.App.csproj"/>
  </Folder>
  <Folder Name="/tests/"><Project Path="tests/PdfSpace.Tests/PdfSpace.Tests.csproj"/></Folder>
</Solution>
